// !$*UTF8*$!
{
	archiveVersion = 1;
	classes = {
	};
	objectVersion = 50;
	objects = {

/* Begin PBXBuildFile section */
		7AEA519426107E5F003AE7D2 /* FirstModuleCollectionVC.swift in Sources */ = {isa = PBXBuildFile; fileRef = 7AEA519326107E5F003AE7D2 /* FirstModuleCollectionVC.swift */; };
		7AED7EF9260DAC6000512DE5 /* AppDelegate.swift in Sources */ = {isa = PBXBuildFile; fileRef = 7AED7EF8260DAC6000512DE5 /* AppDelegate.swift */; };
		7AED7EFB260DAC6000512DE5 /* SceneDelegate.swift in Sources */ = {isa = PBXBuildFile; fileRef = 7AED7EFA260DAC6000512DE5 /* SceneDelegate.swift */; };
		7AED7F00260DAC6000512DE5 /* Main.storyboard in Resources */ = {isa = PBXBuildFile; fileRef = 7AED7EFE260DAC6000512DE5 /* Main.storyboard */; };
		7AED7F02260DAC6100512DE5 /* Assets.xcassets in Resources */ = {isa = PBXBuildFile; fileRef = 7AED7F01260DAC6100512DE5 /* Assets.xcassets */; };
		7AED7F05260DAC6100512DE5 /* LaunchScreen.storyboard in Resources */ = {isa = PBXBuildFile; fileRef = 7AED7F03260DAC6100512DE5 /* LaunchScreen.storyboard */; };
/* End PBXBuildFile section */

/* Begin PBXFileReference section */
		7AEA519326107E5F003AE7D2 /* FirstModuleCollectionVC.swift */ = {isa = PBXFileReference; lastKnownFileType = sourcecode.swift; path = FirstModuleCollectionVC.swift; sourceTree = "<group>"; };
		7AED7EF5260DAC6000512DE5 /* HoTechCourse.app */ = {isa = PBXFileReference; explicitFileType = wrapper.application; includeInIndex = 0; path = HoTechCourse.app; sourceTree = BUILT_PRODUCTS_DIR; };
		7AED7EF8260DAC6000512DE5 /* AppDelegate.swift */ = {isa = PBXFileReference; lastKnownFileType = sourcecode.swift; path = AppDelegate.swift; sourceTree = "<group>"; };
		7AED7EFA260DAC6000512DE5 /* SceneDelegate.swift */ = {isa = PBXFileReference; lastKnownFileType = sourcecode.swift; path = SceneDelegate.swift; sourceTree = "<group>"; };
		7AED7EFF260DAC6000512DE5 /* Base */ = {isa = PBXFileReference; lastKnownFileType = file.storyboard; name = Base; path = Base.lproj/Main.storyboard; sourceTree = "<group>"; };
		7AED7F01260DAC6100512DE5 /* Assets.xcassets */ = {isa = PBXFileReference; lastKnownFileType = folder.assetcatalog; path = Assets.xcassets; sourceTree = "<group>"; };
		7AED7F04260DAC6100512DE5 /* Base */ = {isa = PBXFileReference; lastKnownFileType = file.storyboard; name = Base; path = Base.lproj/LaunchScreen.storyboard; sourceTree = "<group>"; };
		7AED7F06260DAC6100512DE5 /* Info.plist */ = {isa = PBXFileReference; lastKnownFileType = text.plist.xml; path = Info.plist; sourceTree = "<group>"; };
/* End PBXFileReference section */

/* Begin PBXFrameworksBuildPhase section */
		7AED7EF2260DAC6000512DE5 /* Frameworks */ = {
			isa = PBXFrameworksBuildPhase;
			buildActionMask = 2147483647;
			files = (
			);
			runOnlyForDeploymentPostprocessing = 0;
		};
/* End PBXFrameworksBuildPhase section */

/* Begin PBXGroup section */
		7AEA518A26107DB7003AE7D2 /* FirstModule */ = {
			isa = PBXGroup;
			children = (
				7AEA519326107E5F003AE7D2 /* FirstModuleCollectionVC.swift */,
			);
			path = FirstModule;
			sourceTree = "<group>";
		};
		7AED7EEC260DAC6000512DE5 = {
			isa = PBXGroup;
			children = (
				7AED7EF7260DAC6000512DE5 /* HoTechCourse */,
				7AED7EF6260DAC6000512DE5 /* Products */,
			);
			sourceTree = "<group>";
		};
		7AED7EF6260DAC6000512DE5 /* Products */ = {
			isa = PBXGroup;
			children = (
				7AED7EF5260DAC6000512DE5 /* HoTechCourse.app */,
			);
			name = Products;
			sourceTree = "<group>";
		};
		7AED7EF7260DAC6000512DE5 /* HoTechCourse */ = {
			isa = PBXGroup;
			children = (
				7AEA518A26107DB7003AE7D2 /* FirstModule */,
				7AED7EF8260DAC6000512DE5 /* AppDelegate.swift */,
				7AED7EFA260DAC6000512DE5 /* SceneDelegate.swift */,
				7AED7EFE260DAC6000512DE5 /* Main.storyboard */,
				7AED7F01260DAC6100512DE5 /* Assets.xcassets */,
				7AED7F03260DAC6100512DE5 /* LaunchScreen.storyboard */,
				7AED7F06260DAC6100512DE5 /* Info.plist */,
			);
			path = HoTechCourse;
			sourceTree = "<group>";
		};
/* End PBXGroup section */

/* Begin PBXNativeTarget section */
		7AED7EF4260DAC6000512DE5 /* HoTechCourse */ = {
			isa = PBXNativeTarget;
			buildConfigurationList = 7AED7F09260DAC6100512DE5 /* Build configuration list for PBXNativeTarget "HoTechCourse" */;
			buildPhases = (
				7AED7EF1260DAC6000512DE5 /* Sources */,
				7AED7EF2260DAC6000512DE5 /* Frameworks */,
				7AED7EF3260DAC6000512DE5 /* Resources */,
			);
			buildRules = (
			);
			dependencies = (
			);
			name = HoTechCourse;
			productName = HoTechCourse;
			productReference = 7AED7EF5260DAC6000512DE5 /* HoTechCourse.app */;
			productType = "com.apple.product-type.application";
		};
/* End PBXNativeTarget section */

/* Begin PBXProject section */
		7AED7EED260DAC6000512DE5 /* Project object */ = {
			isa = PBXProject;
			attributes = {
				LastSwiftUpdateCheck = 1240;
				LastUpgradeCheck = 1240;
				TargetAttributes = {
					7AED7EF4260DAC6000512DE5 = {
						CreatedOnToolsVersion = 12.4;
					};
				};
			};
			buildConfigurationList = 7AED7EF0260DAC6000512DE5 /* Build configuration list for PBXProject "HoTechCourse" */;
			compatibilityVersion = "Xcode 9.3";
			developmentRegion = en;
			hasScannedForEncodings = 0;
			knownRegions = (
				en,
				Base,
			);
			mainGroup = 7AED7EEC260DAC6000512DE5;
			productRefGroup = 7AED7EF6260DAC6000512DE5 /* Products */;
			projectDirPath = "";
			projectRoot = "";
			targets = (
				7AED7EF4260DAC6000512DE5 /* HoTechCourse */,
			);
		};
/* End PBXProject section */

/* Begin PBXResourcesBuildPhase section */
		7AED7EF3260DAC6000512DE5 /* Resources */ = {
			isa = PBXResourcesBuildPhase;
			buildActionMask = 2147483647;
			files = (
				7AED7F05260DAC6100512DE5 /* LaunchScreen.storyboard in Resources */,
				7AED7F02260DAC6100512DE5 /* Assets.xcassets in Resources */,
				7AED7F00260DAC6000512DE5 /* Main.storyboard in Resources */,
			);
			runOnlyForDeploymentPostprocessing = 0;
		};
/* End PBXResourcesBuildPhase section */

/* Begin PBXSourcesBuildPhase section */
		7AED7EF1260DAC6000512DE5 /* Sources */ = {
			isa = PBXSourcesBuildPhase;
			buildActionMask = 2147483647;
			files = (
				7AED7EF9260DAC6000512DE5 /* AppDelegate.swift in Sources */,
				7AEA519426107E5F003AE7D2 /* FirstModuleCollectionVC.swift in Sources */,
				7AED7EFB260DAC6000512DE5 /* SceneDelegate.swift in Sources */,
			);
			runOnlyForDeploymentPostprocessing = 0;
		};
/* End PBXSourcesBuildPhase section */

/* Begin PBXVariantGroup section */
		7AED7EFE260DAC6000512DE5 /* Main.storyboard */ = {
			isa = PBXVariantGroup;
			children = (
				7AED7EFF260DAC6000512DE5 /* Base */,
			);
			name = Main.storyboard;
			sourceTree = "<group>";
		};
		7AED7F03260DAC6100512DE5 /* LaunchScreen.storyboard */ = {
			isa = PBXVariantGroup;
			children = (
				7AED7F04260DAC6100512DE5 /* Base */,
			);
			name = LaunchScreen.storyboard;
			sourceTree = "<group>";
		};
/* End PBXVariantGroup section */

/* Begin XCBuildConfiguration section */
		7AED7F07260DAC6100512DE5 /* Debug */ = {
			isa = XCBuildConfiguration;
			buildSettings = {
				ALWAYS_SEARCH_USER_PATHS = NO;
				CLANG_ANALYZER_NONNULL = YES;
				CLANG_ANALYZER_NUMBER_OBJECT_CONVERSION = YES_AGGRESSIVE;
				CLANG_CXX_LANGUAGE_STANDARD = "gnu++14";
				CLANG_CXX_LIBRARY = "libc++";
				CLANG_ENABLE_MODULES = YES;
				CLANG_ENABLE_OBJC_ARC = YES;
				CLANG_ENABLE_OBJC_WEAK = YES;
				CLANG_WARN_BLOCK_CAPTURE_AUTORELEASING = YES;
				CLANG_WARN_BOOL_CONVERSION = YES;
				CLANG_WARN_COMMA = YES;
				CLANG_WARN_CONSTANT_CONVERSION = YES;
				CLANG_WARN_DEPRECATED_OBJC_IMPLEMENTATIONS = YES;
				CLANG_WARN_DIRECT_OBJC_ISA_USAGE = YES_ERROR;
				CLANG_WARN_DOCUMENTATION_COMMENTS = YES;
				CLANG_WARN_EMPTY_BODY = YES;
				CLANG_WARN_ENUM_CONVERSION = YES;
				CLANG_WARN_INFINITE_RECURSION = YES;
				CLANG_WARN_INT_CONVERSION = YES;
				CLANG_WARN_NON_LITERAL_NULL_CONVERSION = YES;
				CLANG_WARN_OBJC_IMPLICIT_RETAIN_SELF = YES;
				CLANG_WARN_OBJC_LITERAL_CONVERSION = YES;
				CLANG_WARN_OBJC_ROOT_CLASS = YES_ERROR;
				CLANG_WARN_QUOTED_INCLUDE_IN_FRAMEWORK_HEADER = YES;
				CLANG_WARN_RANGE_LOOP_ANALYSIS = YES;
				CLANG_WARN_STRICT_PROTOTYPES = YES;
				CLANG_WARN_SUSPICIOUS_MOVE = YES;
				CLANG_WARN_UNGUARDED_AVAILABILITY = YES_AGGRESSIVE;
				CLANG_WARN_UNREACHABLE_CODE = YES;
				CLANG_WARN__DUPLICATE_METHOD_MATCH = YES;
				COPY_PHASE_STRIP = NO;
				DEBUG_INFORMATION_FORMAT = dwarf;
				ENABLE_STRICT_OBJC_MSGSEND = YES;
				ENABLE_TESTABILITY = YES;
				GCC_C_LANGUAGE_STANDARD = gnu11;
				GCC_DYNAMIC_NO_PIC = NO;
				GCC_NO_COMMON_BLOCKS = YES;
				GCC_OPTIMIZATION_LEVEL = 0;
				GCC_PREPROCESSOR_DEFINITIONS = (
					"DEBUG=1",
					"$(inherited)",
				);
				GCC_WARN_64_TO_32_BIT_CONVERSION = YES;
				GCC_WARN_ABOUT_RETURN_TYPE = YES_ERROR;
				GCC_WARN_UNDECLARED_SELECTOR = YES;
				GCC_WARN_UNINITIALIZED_AUTOS = YES_AGGRESSIVE;
				GCC_WARN_UNUSED_FUNCTION = YES;
				GCC_WARN_UNUSED_VARIABLE = YES;
				IPHONEOS_DEPLOYMENT_TARGET = 14.4;
				MTL_ENABLE_DEBUG_INFO = INCLUDE_SOURCE;
				MTL_FAST_MATH = YES;
				ONLY_ACTIVE_ARCH = YES;
				SDKROOT = iphoneos;
				SWIFT_ACTIVE_COMPILATION_CONDITIONS = DEBUG;
				SWIFT_OPTIMIZATION_LEVEL = "-Onone";
			};
			name = Debug;
		};
		7AED7F08260DAC6100512DE5 /* Release */ = {
			isa = XCBuildConfiguration;
			buildSettings = {
				ALWAYS_SEARCH_USER_PATHS = NO;
				CLANG_ANALYZER_NONNULL = YES;
				CLANG_ANALYZER_NUMBER_OBJECT_CONVERSION = YES_AGGRESSIVE;
				CLANG_CXX_LANGUAGE_STANDARD = "gnu++14";
				CLANG_CXX_LIBRARY = "libc++";
				CLANG_ENABLE_MODULES = YES;
				CLANG_ENABLE_OBJC_ARC = YES;
				CLANG_ENABLE_OBJC_WEAK = YES;
				CLANG_WARN_BLOCK_CAPTURE_AUTORELEASING = YES;
				CLANG_WARN_BOOL_CONVERSION = YES;
				CLANG_WARN_COMMA = YES;
				CLANG_WARN_CONSTANT_CONVERSION = YES;
				CLANG_WARN_DEPRECATED_OBJC_IMPLEMENTATIONS = YES;
				CLANG_WARN_DIRECT_OBJC_ISA_USAGE = YES_ERROR;
				CLANG_WARN_DOCUMENTATION_COMMENTS = YES;
				CLANG_WARN_EMPTY_BODY = YES;
				CLANG_WARN_ENUM_CONVERSION = YES;
				CLANG_WARN_INFINITE_RECURSION = YES;
				CLANG_WARN_INT_CONVERSION = YES;
				CLANG_WARN_NON_LITERAL_NULL_CONVERSION = YES;
				CLANG_WARN_OBJC_IMPLICIT_RETAIN_SELF = YES;
				CLANG_WARN_OBJC_LITERAL_CONVERSION = YES;
				CLANG_WARN_OBJC_ROOT_CLASS = YES_ERROR;
				CLANG_WARN_QUOTED_INCLUDE_IN_FRAMEWORK_HEADER = YES;
				CLANG_WARN_RANGE_LOOP_ANALYSIS = YES;
				CLANG_WARN_STRICT_PROTOTYPES = YES;
				CLANG_WARN_SUSPICIOUS_MOVE = YES;
				CLANG_WARN_UNGUARDED_AVAILABILITY = YES_AGGRESSIVE;
				CLANG_WARN_UNREACHABLE_CODE = YES;
				CLANG_WARN__DUPLICATE_METHOD_MATCH = YES;
				COPY_PHASE_STRIP = NO;
				DEBUG_INFORMATION_FORMAT = "dwarf-with-dsym";
				ENABLE_NS_ASSERTIONS = NO;
				ENABLE_STRICT_OBJC_MSGSEND = YES;
				GCC_C_LANGUAGE_STANDARD = gnu11;
				GCC_NO_COMMON_BLOCKS = YES;
				GCC_WARN_64_TO_32_BIT_CONVERSION = YES;
				GCC_WARN_ABOUT_RETURN_TYPE = YES_ERROR;
				GCC_WARN_UNDECLARED_SELECTOR = YES;
				GCC_WARN_UNINITIALIZED_AUTOS = YES_AGGRESSIVE;
				GCC_WARN_UNUSED_FUNCTION = YES;
				GCC_WARN_UNUSED_VARIABLE = YES;
				IPHONEOS_DEPLOYMENT_TARGET = 14.4;
				MTL_ENABLE_DEBUG_INFO = NO;
				MTL_FAST_MATH = YES;
				SDKROOT = iphoneos;
				SWIFT_COMPILATION_MODE = wholemodule;
				SWIFT_OPTIMIZATION_LEVEL = "-O";
				VALIDATE_PRODUCT = YES;
			};
			name = Release;
		};
		7AED7F0A260DAC6100512DE5 /* Debug */ = {
			isa = XCBuildConfiguration;
			buildSettings = {
				ASSETCATALOG_COMPILER_APPICON_NAME = AppIcon;
				ASSETCATALOG_COMPILER_GLOBAL_ACCENT_COLOR_NAME = AccentColor;
				CODE_SIGN_STYLE = Automatic;
				DEVELOPMENT_TEAM = VWY286867X;
				INFOPLIST_FILE = HoTechCourse/Info.plist;
				LD_RUNPATH_SEARCH_PATHS = (
					"$(inherited)",
					"@executable_path/Frameworks",
				);
				PRODUCT_BUNDLE_IDENTIFIER = com.kchoi.HoTechCourse;
				PRODUCT_NAME = "$(TARGET_NAME)";
				SWIFT_VERSION = 5.0;
				TARGETED_DEVICE_FAMILY = "1,2";
			};
			name = Debug;
		};
		7AED7F0B260DAC6100512DE5 /* Release */ = {
			isa = XCBuildConfiguration;
			buildSettings = {
				ASSETCATALOG_COMPILER_APPICON_NAME = AppIcon;
				ASSETCATALOG_COMPILER_GLOBAL_ACCENT_COLOR_NAME = AccentColor;
				CODE_SIGN_STYLE = Automatic;
				DEVELOPMENT_TEAM = VWY286867X;
				INFOPLIST_FILE = HoTechCourse/Info.plist;
				LD_RUNPATH_SEARCH_PATHS = (
					"$(inherited)",
					"@executable_path/Frameworks",
				);
				PRODUCT_BUNDLE_IDENTIFIER = com.kchoi.HoTechCourse;
				PRODUCT_NAME = "$(TARGET_NAME)";
				SWIFT_VERSION = 5.0;
				TARGETED_DEVICE_FAMILY = "1,2";
			};
			name = Release;
		};
/* End XCBuildConfiguration section */

/* Begin XCConfigurationList section */
		7AED7EF0260DAC6000512DE5 /* Build configuration list for PBXProject "HoTechCourse" */ = {
			isa = XCConfigurationList;
			buildConfigurations = (
				7AED7F07260DAC6100512DE5 /* Debug */,
				7AED7F08260DAC6100512DE5 /* Release */,
			);
			defaultConfigurationIsVisible = 0;
			defaultConfigurationName = Release;
		};
		7AED7F09260DAC6100512DE5 /* Build configuration list for PBXNativeTarget "HoTechCourse" */ = {
			isa = XCConfigurationList;
			buildConfigurations = (
				7AED7F0A260DAC6100512DE5 /* Debug */,
				7AED7F0B260DAC6100512DE5 /* Release */,
			);
			defaultConfigurationIsVisible = 0;
			defaultConfigurationName = Release;
		};
/* End XCConfigurationList section */
	};
	rootObject = 7AED7EED260DAC6000512DE5 /* Project object */;
}
